
Microsoft Visual Studio Solution File, Format Version 12.00
# Visual Studio Version 16
VisualStudioVersion = 16.0.30413.136
MinimumVisualStudioVersion = 10.0.40219.1
Project("{FAE04EC0-301F-11D3-BF4B-00C04F79EFBC}") = "LgbtqBannedPlacesCsWpf", "LgbtqBannedPlacesCsWpf.csproj", "{10DEA489-5961-49A4-B4CC-99F09BD1E8EA}"
EndProject
Global
	GlobalSection(SolutionConfigurationPlatforms) = preSolution
		Debug|Any CPU = Debug|Any CPU
		Release|Any CPU = Release|Any CPU
	EndGlobalSection
	GlobalSection(ProjectConfigurationPlatforms) = postSolution
		{10DEA489-5961-49A4-B4CC-99F09BD1E8EA}.Debug|Any CPU.ActiveCfg = Debug|Any CPU
		{10DEA489-5961-49A4-B4CC-99F09BD1E8EA}.Debug|Any CPU.Build.0 = Debug|Any CPU
		{10DEA489-5961-49A4-B4CC-99F09BD1E8EA}.Release|Any CPU.ActiveCfg = Release|Any CPU
		{10DEA489-5961-49A4-B4CC-99F09BD1E8EA}.Release|Any CPU.Build.0 = Release|Any CPU
	EndGlobalSection
	GlobalSection(SolutionProperties) = preSolution
		HideSolutionNode = FALSE
	EndGlobalSection
	GlobalSection(ExtensibilityGlobals) = postSolution
		SolutionGuid = {FB71C477-192C-45B1-BD5F-D66C403711F3}
	EndGlobalSection
EndGlobal
